// !$*UTF8*$!
{
	archiveVersion = 1;
	classes = {
	};
	objectVersion = 55;
	objects = {

/* Begin PBXBuildFile section */
		C46850E326C5C16300332B8C /* Tests_iOS.swift in Sources */ = {isa = PBXBuildFile; fileRef = C46850E226C5C16300332B8C /* Tests_iOS.swift */; };
		C46850ED26C5C16300332B8C /* Tests_macOS.swift in Sources */ = {isa = PBXBuildFile; fileRef = C46850EC26C5C16300332B8C /* Tests_macOS.swift */; };
		C46850EE26C5C16300332B8C /* Carousel_CustomApp.swift in Sources */ = {isa = PBXBuildFile; fileRef = C46850CC26C5C16100332B8C /* Carousel_CustomApp.swift */; };
		C46850EF26C5C16300332B8C /* Carousel_CustomApp.swift in Sources */ = {isa = PBXBuildFile; fileRef = C46850CC26C5C16100332B8C /* Carousel_CustomApp.swift */; };
		C46850F026C5C16300332B8C /* ContentView.swift in Sources */ = {isa = PBXBuildFile; fileRef = C46850CD26C5C16100332B8C /* ContentView.swift */; };
		C46850F126C5C16300332B8C /* ContentView.swift in Sources */ = {isa = PBXBuildFile; fileRef = C46850CD26C5C16100332B8C /* ContentView.swift */; };
		C46850F226C5C16300332B8C /* Assets.xcassets in Resources */ = {isa = PBXBuildFile; fileRef = C46850CE26C5C16300332B8C /* Assets.xcassets */; };
		C46850F326C5C16300332B8C /* Assets.xcassets in Resources */ = {isa = PBXBuildFile; fileRef = C46850CE26C5C16300332B8C /* Assets.xcassets */; };
		C468510526C5C1F800332B8C /* Home.swift in Sources */ = {isa = PBXBuildFile; fileRef = C468510426C5C1F800332B8C /* Home.swift */; };
		C468510726C5C33100332B8C /* SanpCarousel.swift in Sources */ = {isa = PBXBuildFile; fileRef = C468510626C5C33100332B8C /* SanpCarousel.swift */; };
		C468510926C5C4D200332B8C /* Post.swift in Sources */ = {isa = PBXBuildFile; fileRef = C468510826C5C4D200332B8C /* Post.swift */; };
/* End PBXBuildFile section */

/* Begin PBXContainerItemProxy section */
		C46850DF26C5C16300332B8C /* PBXContainerItemProxy */ = {
			isa = PBXContainerItemProxy;
			containerPortal = C46850C726C5C16100332B8C /* Project object */;
			proxyType = 1;
			remoteGlobalIDString = C46850D226C5C16300332B8C;
			remoteInfo = "Carousel_Custom (iOS)";
		};
		C46850E926C5C16300332B8C /* PBXContainerItemProxy */ = {
			isa = PBXContainerItemProxy;
			containerPortal = C46850C726C5C16100332B8C /* Project object */;
			proxyType = 1;
			remoteGlobalIDString = C46850D826C5C16300332B8C;
			remoteInfo = "Carousel_Custom (macOS)";
		};
/* End PBXContainerItemProxy section */

/* Begin PBXFileReference section */
		C46850CC26C5C16100332B8C /* Carousel_CustomApp.swift */ = {isa = PBXFileReference; lastKnownFileType = sourcecode.swift; path = Carousel_CustomApp.swift; sourceTree = "<group>"; };
		C46850CD26C5C16100332B8C /* ContentView.swift */ = {isa = PBXFileReference; lastKnownFileType = sourcecode.swift; path = ContentView.swift; sourceTree = "<group>"; };
		C46850CE26C5C16300332B8C /* Assets.xcassets */ = {isa = PBXFileReference; lastKnownFileType = folder.assetcatalog; path = Assets.xcassets; sourceTree = "<group>"; };
		C46850D326C5C16300332B8C /* Carousel_Custom.app */ = {isa = PBXFileReference; explicitFileType = wrapper.application; includeInIndex = 0; path = Carousel_Custom.app; sourceTree = BUILT_PRODUCTS_DIR; };
		C46850D926C5C16300332B8C /* Carousel_Custom.app */ = {isa = PBXFileReference; explicitFileType = wrapper.application; includeInIndex = 0; path = Carousel_Custom.app; sourceTree = BUILT_PRODUCTS_DIR; };
		C46850DE26C5C16300332B8C /* Tests iOS.xctest */ = {isa = PBXFileReference; explicitFileType = wrapper.cfbundle; includeInIndex = 0; path = "Tests iOS.xctest"; sourceTree = BUILT_PRODUCTS_DIR; };
		C46850E226C5C16300332B8C /* Tests_iOS.swift */ = {isa = PBXFileReference; lastKnownFileType = sourcecode.swift; path = Tests_iOS.swift; sourceTree = "<group>"; };
		C46850E826C5C16300332B8C /* Tests macOS.xctest */ = {isa = PBXFileReference; explicitFileType = wrapper.cfbundle; includeInIndex = 0; path = "Tests macOS.xctest"; sourceTree = BUILT_PRODUCTS_DIR; };
		C46850EC26C5C16300332B8C /* Tests_macOS.swift */ = {isa = PBXFileReference; lastKnownFileType = sourcecode.swift; path = Tests_macOS.swift; sourceTree = "<group>"; };
		C468510426C5C1F800332B8C /* Home.swift */ = {isa = PBXFileReference; lastKnownFileType = sourcecode.swift; path = Home.swift; sourceTree = "<group>"; };
		C468510626C5C33100332B8C /* SanpCarousel.swift */ = {isa = PBXFileReference; lastKnownFileType = sourcecode.swift; path = SanpCarousel.swift; sourceTree = "<group>"; };
		C468510826C5C4D200332B8C /* Post.swift */ = {isa = PBXFileReference; lastKnownFileType = sourcecode.swift; path = Post.swift; sourceTree = "<group>"; };
/* End PBXFileReference section */

/* Begin PBXFrameworksBuildPhase section */
		C46850D026C5C16300332B8C /* Frameworks */ = {
			isa = PBXFrameworksBuildPhase;
			buildActionMask = 2147483647;
			files = (
			);
			runOnlyForDeploymentPostprocessing = 0;
		};
		C46850D626C5C16300332B8C /* Frameworks */ = {
			isa = PBXFrameworksBuildPhase;
			buildActionMask = 2147483647;
			files = (
			);
			runOnlyForDeploymentPostprocessing = 0;
		};
		C46850DB26C5C16300332B8C /* Frameworks */ = {
			isa = PBXFrameworksBuildPhase;
			buildActionMask = 2147483647;
			files = (
			);
			runOnlyForDeploymentPostprocessing = 0;
		};
		C46850E526C5C16300332B8C /* Frameworks */ = {
			isa = PBXFrameworksBuildPhase;
			buildActionMask = 2147483647;
			files = (
			);
			runOnlyForDeploymentPostprocessing = 0;
		};
/* End PBXFrameworksBuildPhase section */

/* Begin PBXGroup section */
		C46850C626C5C16100332B8C = {
			isa = PBXGroup;
			children = (
				C46850CB26C5C16100332B8C /* Shared */,
				C46850E126C5C16300332B8C /* Tests iOS */,
				C46850EB26C5C16300332B8C /* Tests macOS */,
				C46850D426C5C16300332B8C /* Products */,
			);
			sourceTree = "<group>";
		};
		C46850CB26C5C16100332B8C /* Shared */ = {
			isa = PBXGroup;
			children = (
				C468510326C5C1E800332B8C /* Model */,
				C468510226C5C1E100332B8C /* View */,
				C46850CC26C5C16100332B8C /* Carousel_CustomApp.swift */,
				C46850CD26C5C16100332B8C /* ContentView.swift */,
				C46850CE26C5C16300332B8C /* Assets.xcassets */,
			);
			path = Shared;
			sourceTree = "<group>";
		};
		C46850D426C5C16300332B8C /* Products */ = {
			isa = PBXGroup;
			children = (
				C46850D326C5C16300332B8C /* Carousel_Custom.app */,
				C46850D926C5C16300332B8C /* Carousel_Custom.app */,
				C46850DE26C5C16300332B8C /* Tests iOS.xctest */,
				C46850E826C5C16300332B8C /* Tests macOS.xctest */,
			);
			name = Products;
			sourceTree = "<group>";
		};
		C46850E126C5C16300332B8C /* Tests iOS */ = {
			isa = PBXGroup;
			children = (
				C46850E226C5C16300332B8C /* Tests_iOS.swift */,
			);
			path = "Tests iOS";
			sourceTree = "<group>";
		};
		C46850EB26C5C16300332B8C /* Tests macOS */ = {
			isa = PBXGroup;
			children = (
				C46850EC26C5C16300332B8C /* Tests_macOS.swift */,
			);
			path = "Tests macOS";
			sourceTree = "<group>";
		};
		C468510226C5C1E100332B8C /* View */ = {
			isa = PBXGroup;
			children = (
				C468510426C5C1F800332B8C /* Home.swift */,
				C468510626C5C33100332B8C /* SanpCarousel.swift */,
			);
			path = View;
			sourceTree = "<group>";
		};
		C468510326C5C1E800332B8C /* Model */ = {
			isa = PBXGroup;
			children = (
				C468510826C5C4D200332B8C /* Post.swift */,
			);
			path = Model;
			sourceTree = "<group>";
		};
/* End PBXGroup section */

/* Begin PBXNativeTarget section */
		C46850D226C5C16300332B8C /* Carousel_Custom (iOS) */ = {
			isa = PBXNativeTarget;
			buildConfigurationList = C46850F626C5C16300332B8C /* Build configuration list for PBXNativeTarget "Carousel_Custom (iOS)" */;
			buildPhases = (
				C46850CF26C5C16300332B8C /* Sources */,
				C46850D026C5C16300332B8C /* Frameworks */,
				C46850D126C5C16300332B8C /* Resources */,
			);
			buildRules = (
			);
			dependencies = (
			);
			name = "Carousel_Custom (iOS)";
			productName = "Carousel_Custom (iOS)";
			productReference = C46850D326C5C16300332B8C /* Carousel_Custom.app */;
			productType = "com.apple.product-type.application";
		};
		C46850D826C5C16300332B8C /* Carousel_Custom (macOS) */ = {
			isa = PBXNativeTarget;
			buildConfigurationList = C46850F926C5C16300332B8C /* Build configuration list for PBXNativeTarget "Carousel_Custom (macOS)" */;
			buildPhases = (
				C46850D526C5C16300332B8C /* Sources */,
				C46850D626C5C16300332B8C /* Frameworks */,
				C46850D726C5C16300332B8C /* Resources */,
			);
			buildRules = (
			);
			dependencies = (
			);
			name = "Carousel_Custom (macOS)";
			productName = "Carousel_Custom (macOS)";
			productReference = C46850D926C5C16300332B8C /* Carousel_Custom.app */;
			productType = "com.apple.product-type.application";
		};
		C46850DD26C5C16300332B8C /* Tests iOS */ = {
			isa = PBXNativeTarget;
			buildConfigurationList = C46850FC26C5C16300332B8C /* Build configuration list for PBXNativeTarget "Tests iOS" */;
			buildPhases = (
				C46850DA26C5C16300332B8C /* Sources */,
				C46850DB26C5C16300332B8C /* Frameworks */,
				C46850DC26C5C16300332B8C /* Resources */,
			);
			buildRules = (
			);
			dependencies = (
				C46850E026C5C16300332B8C /* PBXTargetDependency */,
			);
			name = "Tests iOS";
			productName = "Tests iOS";
			productReference = C46850DE26C5C16300332B8C /* Tests iOS.xctest */;
			productType = "com.apple.product-type.bundle.ui-testing";
		};
		C46850E726C5C16300332B8C /* Tests macOS */ = {
			isa = PBXNativeTarget;
			buildConfigurationList = C46850FF26C5C16300332B8C /* Build configuration list for PBXNativeTarget "Tests macOS" */;
			buildPhases = (
				C46850E426C5C16300332B8C /* Sources */,
				C46850E526C5C16300332B8C /* Frameworks */,
				C46850E626C5C16300332B8C /* Resources */,
			);
			buildRules = (
			);
			dependencies = (
				C46850EA26C5C16300332B8C /* PBXTargetDependency */,
			);
			name = "Tests macOS";
			productName = "Tests macOS";
			productReference = C46850E826C5C16300332B8C /* Tests macOS.xctest */;
			productType = "com.apple.product-type.bundle.ui-testing";
		};
/* End PBXNativeTarget section */

/* Begin PBXProject section */
		C46850C726C5C16100332B8C /* Project object */ = {
			isa = PBXProject;
			attributes = {
				BuildIndependentTargetsInParallel = 1;
				LastSwiftUpdateCheck = 1300;
				LastUpgradeCheck = 1300;
				TargetAttributes = {
					C46850D226C5C16300332B8C = {
						CreatedOnToolsVersion = 13.0;
					};
					C46850D826C5C16300332B8C = {
						CreatedOnToolsVersion = 13.0;
					};
					C46850DD26C5C16300332B8C = {
						CreatedOnToolsVersion = 13.0;
						TestTargetID = C46850D226C5C16300332B8C;
					};
					C46850E726C5C16300332B8C = {
						CreatedOnToolsVersion = 13.0;
						TestTargetID = C46850D826C5C16300332B8C;
					};
				};
			};
			buildConfigurationList = C46850CA26C5C16100332B8C /* Build configuration list for PBXProject "Carousel_Custom" */;
			compatibilityVersion = "Xcode 13.0";
			developmentRegion = en;
			hasScannedForEncodings = 0;
			knownRegions = (
				en,
				Base,
			);
			mainGroup = C46850C626C5C16100332B8C;
			productRefGroup = C46850D426C5C16300332B8C /* Products */;
			projectDirPath = "";
			projectRoot = "";
			targets = (
				C46850D226C5C16300332B8C /* Carousel_Custom (iOS) */,
				C46850D826C5C16300332B8C /* Carousel_Custom (macOS) */,
				C46850DD26C5C16300332B8C /* Tests iOS */,
				C46850E726C5C16300332B8C /* Tests macOS */,
			);
		};
/* End PBXProject section */

/* Begin PBXResourcesBuildPhase section */
		C46850D126C5C16300332B8C /* Resources */ = {
			isa = PBXResourcesBuildPhase;
			buildActionMask = 2147483647;
			files = (
				C46850F226C5C16300332B8C /* Assets.xcassets in Resources */,
			);
			runOnlyForDeploymentPostprocessing = 0;
		};
		C46850D726C5C16300332B8C /* Resources */ = {
			isa = PBXResourcesBuildPhase;
			buildActionMask = 2147483647;
			files = (
				C46850F326C5C16300332B8C /* Assets.xcassets in Resources */,
			);
			runOnlyForDeploymentPostprocessing = 0;
		};
		C46850DC26C5C16300332B8C /* Resources */ = {
			isa = PBXResourcesBuildPhase;
			buildActionMask = 2147483647;
			files = (
			);
			runOnlyForDeploymentPostprocessing = 0;
		};
		C46850E626C5C16300332B8C /* Resources */ = {
			isa = PBXResourcesBuildPhase;
			buildActionMask = 2147483647;
			files = (
			);
			runOnlyForDeploymentPostprocessing = 0;
		};
/* End PBXResourcesBuildPhase section */

/* Begin PBXSourcesBuildPhase section */
		C46850CF26C5C16300332B8C /* Sources */ = {
			isa = PBXSourcesBuildPhase;
			buildActionMask = 2147483647;
			files = (
				C46850F026C5C16300332B8C /* ContentView.swift in Sources */,
				C468510726C5C33100332B8C /* SanpCarousel.swift in Sources */,
				C468510526C5C1F800332B8C /* Home.swift in Sources */,
				C46850EE26C5C16300332B8C /* Carousel_CustomApp.swift in Sources */,
				C468510926C5C4D200332B8C /* Post.swift in Sources */,
			);
			runOnlyForDeploymentPostprocessing = 0;
		};
		C46850D526C5C16300332B8C /* Sources */ = {
			isa = PBXSourcesBuildPhase;
			buildActionMask = 2147483647;
			files = (
				C46850F126C5C16300332B8C /* ContentView.swift in Sources */,
				C46850EF26C5C16300332B8C /* Carousel_CustomApp.swift in Sources */,
			);
			runOnlyForDeploymentPostprocessing = 0;
		};
		C46850DA26C5C16300332B8C /* Sources */ = {
			isa = PBXSourcesBuildPhase;
			buildActionMask = 2147483647;
			files = (
				C46850E326C5C16300332B8C /* Tests_iOS.swift in Sources */,
			);
			runOnlyForDeploymentPostprocessing = 0;
		};
		C46850E426C5C16300332B8C /* Sources */ = {
			isa = PBXSourcesBuildPhase;
			buildActionMask = 2147483647;
			files = (
				C46850ED26C5C16300332B8C /* Tests_macOS.swift in Sources */,
			);
			runOnlyForDeploymentPostprocessing = 0;
		};
/* End PBXSourcesBuildPhase section */

/* Begin PBXTargetDependency section */
		C46850E026C5C16300332B8C /* PBXTargetDependency */ = {
			isa = PBXTargetDependency;
			target = C46850D226C5C16300332B8C /* Carousel_Custom (iOS) */;
			targetProxy = C46850DF26C5C16300332B8C /* PBXContainerItemProxy */;
		};
		C46850EA26C5C16300332B8C /* PBXTargetDependency */ = {
			isa = PBXTargetDependency;
			target = C46850D826C5C16300332B8C /* Carousel_Custom (macOS) */;
			targetProxy = C46850E926C5C16300332B8C /* PBXContainerItemProxy */;
		};
/* End PBXTargetDependency section */

/* Begin XCBuildConfiguration section */
		C46850F426C5C16300332B8C /* Debug */ = {
			isa = XCBuildConfiguration;
			buildSettings = {
				ALWAYS_SEARCH_USER_PATHS = NO;
				CLANG_ANALYZER_NONNULL = YES;
				CLANG_ANALYZER_NUMBER_OBJECT_CONVERSION = YES_AGGRESSIVE;
				CLANG_CXX_LANGUAGE_STANDARD = "gnu++17";
				CLANG_CXX_LIBRARY = "libc++";
				CLANG_ENABLE_MODULES = YES;
				CLANG_ENABLE_OBJC_ARC = YES;
				CLANG_ENABLE_OBJC_WEAK = YES;
				CLANG_WARN_BLOCK_CAPTURE_AUTORELEASING = YES;
				CLANG_WARN_BOOL_CONVERSION = YES;
				CLANG_WARN_COMMA = YES;
				CLANG_WARN_CONSTANT_CONVERSION = YES;
				CLANG_WARN_DEPRECATED_OBJC_IMPLEMENTATIONS = YES;
				CLANG_WARN_DIRECT_OBJC_ISA_USAGE = YES_ERROR;
				CLANG_WARN_DOCUMENTATION_COMMENTS = YES;
				CLANG_WARN_EMPTY_BODY = YES;
				CLANG_WARN_ENUM_CONVERSION = YES;
				CLANG_WARN_INFINITE_RECURSION = YES;
				CLANG_WARN_INT_CONVERSION = YES;
				CLANG_WARN_NON_LITERAL_NULL_CONVERSION = YES;
				CLANG_WARN_OBJC_IMPLICIT_RETAIN_SELF = YES;
				CLANG_WARN_OBJC_LITERAL_CONVERSION = YES;
				CLANG_WARN_OBJC_ROOT_CLASS = YES_ERROR;
				CLANG_WARN_QUOTED_INCLUDE_IN_FRAMEWORK_HEADER = YES;
				CLANG_WARN_RANGE_LOOP_ANALYSIS = YES;
				CLANG_WARN_STRICT_PROTOTYPES = YES;
				CLANG_WARN_SUSPICIOUS_MOVE = YES;
				CLANG_WARN_UNGUARDED_AVAILABILITY = YES_AGGRESSIVE;
				CLANG_WARN_UNREACHABLE_CODE = YES;
				CLANG_WARN__DUPLICATE_METHOD_MATCH = YES;
				COPY_PHASE_STRIP = NO;
				DEBUG_INFORMATION_FORMAT = dwarf;
				ENABLE_STRICT_OBJC_MSGSEND = YES;
				ENABLE_TESTABILITY = YES;
				GCC_C_LANGUAGE_STANDARD = gnu11;
				GCC_DYNAMIC_NO_PIC = NO;
				GCC_NO_COMMON_BLOCKS = YES;
				GCC_OPTIMIZATION_LEVEL = 0;
				GCC_PREPROCESSOR_DEFINITIONS = (
					"DEBUG=1",
					"$(inherited)",
				);
				GCC_WARN_64_TO_32_BIT_CONVERSION = YES;
				GCC_WARN_ABOUT_RETURN_TYPE = YES_ERROR;
				GCC_WARN_UNDECLARED_SELECTOR = YES;
				GCC_WARN_UNINITIALIZED_AUTOS = YES_AGGRESSIVE;
				GCC_WARN_UNUSED_FUNCTION = YES;
				GCC_WARN_UNUSED_VARIABLE = YES;
				MTL_ENABLE_DEBUG_INFO = INCLUDE_SOURCE;
				MTL_FAST_MATH = YES;
				ONLY_ACTIVE_ARCH = YES;
				SWIFT_ACTIVE_COMPILATION_CONDITIONS = DEBUG;
				SWIFT_OPTIMIZATION_LEVEL = "-Onone";
			};
			name = Debug;
		};
		C46850F526C5C16300332B8C /* Release */ = {
			isa = XCBuildConfiguration;
			buildSettings = {
				ALWAYS_SEARCH_USER_PATHS = NO;
				CLANG_ANALYZER_NONNULL = YES;
				CLANG_ANALYZER_NUMBER_OBJECT_CONVERSION = YES_AGGRESSIVE;
				CLANG_CXX_LANGUAGE_STANDARD = "gnu++17";
				CLANG_CXX_LIBRARY = "libc++";
				CLANG_ENABLE_MODULES = YES;
				CLANG_ENABLE_OBJC_ARC = YES;
				CLANG_ENABLE_OBJC_WEAK = YES;
				CLANG_WARN_BLOCK_CAPTURE_AUTORELEASING = YES;
				CLANG_WARN_BOOL_CONVERSION = YES;
				CLANG_WARN_COMMA = YES;
				CLANG_WARN_CONSTANT_CONVERSION = YES;
				CLANG_WARN_DEPRECATED_OBJC_IMPLEMENTATIONS = YES;
				CLANG_WARN_DIRECT_OBJC_ISA_USAGE = YES_ERROR;
				CLANG_WARN_DOCUMENTATION_COMMENTS = YES;
				CLANG_WARN_EMPTY_BODY = YES;
				CLANG_WARN_ENUM_CONVERSION = YES;
				CLANG_WARN_INFINITE_RECURSION = YES;
				CLANG_WARN_INT_CONVERSION = YES;
				CLANG_WARN_NON_LITERAL_NULL_CONVERSION = YES;
				CLANG_WARN_OBJC_IMPLICIT_RETAIN_SELF = YES;
				CLANG_WARN_OBJC_LITERAL_CONVERSION = YES;
				CLANG_WARN_OBJC_ROOT_CLASS = YES_ERROR;
				CLANG_WARN_QUOTED_INCLUDE_IN_FRAMEWORK_HEADER = YES;
				CLANG_WARN_RANGE_LOOP_ANALYSIS = YES;
				CLANG_WARN_STRICT_PROTOTYPES = YES;
				CLANG_WARN_SUSPICIOUS_MOVE = YES;
				CLANG_WARN_UNGUARDED_AVAILABILITY = YES_AGGRESSIVE;
				CLANG_WARN_UNREACHABLE_CODE = YES;
				CLANG_WARN__DUPLICATE_METHOD_MATCH = YES;
				COPY_PHASE_STRIP = NO;
				DEBUG_INFORMATION_FORMAT = "dwarf-with-dsym";
				ENABLE_NS_ASSERTIONS = NO;
				ENABLE_STRICT_OBJC_MSGSEND = YES;
				GCC_C_LANGUAGE_STANDARD = gnu11;
				GCC_NO_COMMON_BLOCKS = YES;
				GCC_WARN_64_TO_32_BIT_CONVERSION = YES;
				GCC_WARN_ABOUT_RETURN_TYPE = YES_ERROR;
				GCC_WARN_UNDECLARED_SELECTOR = YES;
				GCC_WARN_UNINITIALIZED_AUTOS = YES_AGGRESSIVE;
				GCC_WARN_UNUSED_FUNCTION = YES;
				GCC_WARN_UNUSED_VARIABLE = YES;
				MTL_ENABLE_DEBUG_INFO = NO;
				MTL_FAST_MATH = YES;
				SWIFT_COMPILATION_MODE = wholemodule;
				SWIFT_OPTIMIZATION_LEVEL = "-O";
			};
			name = Release;
		};
		C46850F726C5C16300332B8C /* Debug */ = {
			isa = XCBuildConfiguration;
			buildSettings = {
				ASSETCATALOG_COMPILER_APPICON_NAME = AppIcon;
				ASSETCATALOG_COMPILER_GLOBAL_ACCENT_COLOR_NAME = AccentColor;
				CODE_SIGN_STYLE = Automatic;
				CURRENT_PROJECT_VERSION = 1;
				DEVELOPMENT_TEAM = G7DSPSWXXC;
				ENABLE_PREVIEWS = YES;
				GENERATE_INFOPLIST_FILE = YES;
				INFOPLIST_KEY_UIApplicationSceneManifest_Generation = YES;
				INFOPLIST_KEY_UIApplicationSupportsIndirectInputEvents = YES;
				INFOPLIST_KEY_UILaunchScreen_Generation = YES;
				INFOPLIST_KEY_UISupportedInterfaceOrientations_iPad = "UIInterfaceOrientationPortrait UIInterfaceOrientationPortraitUpsideDown UIInterfaceOrientationLandscapeLeft UIInterfaceOrientationLandscapeRight";
				INFOPLIST_KEY_UISupportedInterfaceOrientations_iPhone = "UIInterfaceOrientationPortrait UIInterfaceOrientationLandscapeLeft UIInterfaceOrientationLandscapeRight";
				IPHONEOS_DEPLOYMENT_TARGET = 15.0;
				LD_RUNPATH_SEARCH_PATHS = (
					"$(inherited)",
					"@executable_path/Frameworks",
				);
				MARKETING_VERSION = 1.0;
				PRODUCT_BUNDLE_IDENTIFIER = "com.MicheleManniello.Carousel-Custom";
				PRODUCT_NAME = Carousel_Custom;
				SDKROOT = iphoneos;
				SWIFT_EMIT_LOC_STRINGS = YES;
				SWIFT_VERSION = 5.0;
				TARGETED_DEVICE_FAMILY = "1,2";
			};
			name = Debug;
		};
		C46850F826C5C16300332B8C /* Release */ = {
			isa = XCBuildConfiguration;
			buildSettings = {
				ASSETCATALOG_COMPILER_APPICON_NAME = AppIcon;
				ASSETCATALOG_COMPILER_GLOBAL_ACCENT_COLOR_NAME = AccentColor;
				CODE_SIGN_STYLE = Automatic;
				CURRENT_PROJECT_VERSION = 1;
				DEVELOPMENT_TEAM = G7DSPSWXXC;
				ENABLE_PREVIEWS = YES;
				GENERATE_INFOPLIST_FILE = YES;
				INFOPLIST_KEY_UIApplicationSceneManifest_Generation = YES;
				INFOPLIST_KEY_UIApplicationSupportsIndirectInputEvents = YES;
				INFOPLIST_KEY_UILaunchScreen_Generation = YES;
				INFOPLIST_KEY_UISupportedInterfaceOrientations_iPad = "UIInterfaceOrientationPortrait UIInterfaceOrientationPortraitUpsideDown UIInterfaceOrientationLandscapeLeft UIInterfaceOrientationLandscapeRight";
				INFOPLIST_KEY_UISupportedInterfaceOrientations_iPhone = "UIInterfaceOrientationPortrait UIInterfaceOrientationLandscapeLeft UIInterfaceOrientationLandscapeRight";
				IPHONEOS_DEPLOYMENT_TARGET = 15.0;
				LD_RUNPATH_SEARCH_PATHS = (
					"$(inherited)",
					"@executable_path/Frameworks",
				);
				MARKETING_VERSION = 1.0;
				PRODUCT_BUNDLE_IDENTIFIER = "com.MicheleManniello.Carousel-Custom";
				PRODUCT_NAME = Carousel_Custom;
				SDKROOT = iphoneos;
				SWIFT_EMIT_LOC_STRINGS = YES;
				SWIFT_VERSION = 5.0;
				TARGETED_DEVICE_FAMILY = "1,2";
				VALIDATE_PRODUCT = YES;
			};
			name = Release;
		};
		C46850FA26C5C16300332B8C /* Debug */ = {
			isa = XCBuildConfiguration;
			buildSettings = {
				ASSETCATALOG_COMPILER_APPICON_NAME = AppIcon;
				ASSETCATALOG_COMPILER_GLOBAL_ACCENT_COLOR_NAME = AccentColor;
				CODE_SIGN_STYLE = Automatic;
				COMBINE_HIDPI_IMAGES = YES;
				CURRENT_PROJECT_VERSION = 1;
				DEVELOPMENT_TEAM = G7DSPSWXXC;
				ENABLE_APP_SANDBOX = YES;
				ENABLE_HARDENED_RUNTIME = YES;
				ENABLE_PREVIEWS = YES;
				ENABLE_USER_SELECTED_FILES = readonly;
				GENERATE_INFOPLIST_FILE = YES;
				INFOPLIST_KEY_NSHumanReadableCopyright = "";
				LD_RUNPATH_SEARCH_PATHS = (
					"$(inherited)",
					"@executable_path/../Frameworks",
				);
				MACOSX_DEPLOYMENT_TARGET = 11.0;
				MARKETING_VERSION = 1.0;
				PRODUCT_BUNDLE_IDENTIFIER = "com.MicheleManniello.Carousel-Custom";
				PRODUCT_NAME = Carousel_Custom;
				SDKROOT = macosx;
				SWIFT_EMIT_LOC_STRINGS = YES;
				SWIFT_VERSION = 5.0;
			};
			name = Debug;
		};
		C46850FB26C5C16300332B8C /* Release */ = {
			isa = XCBuildConfiguration;
			buildSettings = {
				ASSETCATALOG_COMPILER_APPICON_NAME = AppIcon;
				ASSETCATALOG_COMPILER_GLOBAL_ACCENT_COLOR_NAME = AccentColor;
				CODE_SIGN_STYLE = Automatic;
				COMBINE_HIDPI_IMAGES = YES;
				CURRENT_PROJECT_VERSION = 1;
				DEVELOPMENT_TEAM = G7DSPSWXXC;
				ENABLE_APP_SANDBOX = YES;
				ENABLE_HARDENED_RUNTIME = YES;
				ENABLE_PREVIEWS = YES;
				ENABLE_USER_SELECTED_FILES = readonly;
				GENERATE_INFOPLIST_FILE = YES;
				INFOPLIST_KEY_NSHumanReadableCopyright = "";
				LD_RUNPATH_SEARCH_PATHS = (
					"$(inherited)",
					"@executable_path/../Frameworks",
				);
				MACOSX_DEPLOYMENT_TARGET = 11.0;
				MARKETING_VERSION = 1.0;
				PRODUCT_BUNDLE_IDENTIFIER = "com.MicheleManniello.Carousel-Custom";
				PRODUCT_NAME = Carousel_Custom;
				SDKROOT = macosx;
				SWIFT_EMIT_LOC_STRINGS = YES;
				SWIFT_VERSION = 5.0;
			};
			name = Release;
		};
		C46850FD26C5C16300332B8C /* Debug */ = {
			isa = XCBuildConfiguration;
			buildSettings = {
				ALWAYS_EMBED_SWIFT_STANDARD_LIBRARIES = YES;
				CODE_SIGN_STYLE = Automatic;
				CURRENT_PROJECT_VERSION = 1;
				DEVELOPMENT_TEAM = G7DSPSWXXC;
				GENERATE_INFOPLIST_FILE = YES;
				IPHONEOS_DEPLOYMENT_TARGET = 15.0;
				LD_RUNPATH_SEARCH_PATHS = (
					"$(inherited)",
					"@executable_path/Frameworks",
					"@loader_path/Frameworks",
				);
				MARKETING_VERSION = 1.0;
				PRODUCT_BUNDLE_IDENTIFIER = "com.MicheleManniello.Tests-iOS";
				PRODUCT_NAME = "$(TARGET_NAME)";
				SDKROOT = iphoneos;
				SWIFT_EMIT_LOC_STRINGS = NO;
				SWIFT_VERSION = 5.0;
				TARGETED_DEVICE_FAMILY = "1,2";
				TEST_TARGET_NAME = "Carousel_Custom (iOS)";
			};
			name = Debug;
		};
		C46850FE26C5C16300332B8C /* Release */ = {
			isa = XCBuildConfiguration;
			buildSettings = {
				ALWAYS_EMBED_SWIFT_STANDARD_LIBRARIES = YES;
				CODE_SIGN_STYLE = Automatic;
				CURRENT_PROJECT_VERSION = 1;
				DEVELOPMENT_TEAM = G7DSPSWXXC;
				GENERATE_INFOPLIST_FILE = YES;
				IPHONEOS_DEPLOYMENT_TARGET = 15.0;
				LD_RUNPATH_SEARCH_PATHS = (
					"$(inherited)",
					"@executable_path/Frameworks",
					"@loader_path/Frameworks",
				);
				MARKETING_VERSION = 1.0;
				PRODUCT_BUNDLE_IDENTIFIER = "com.MicheleManniello.Tests-iOS";
				PRODUCT_NAME = "$(TARGET_NAME)";
				SDKROOT = iphoneos;
				SWIFT_EMIT_LOC_STRINGS = NO;
				SWIFT_VERSION = 5.0;
				TARGETED_DEVICE_FAMILY = "1,2";
				TEST_TARGET_NAME = "Carousel_Custom (iOS)";
				VALIDATE_PRODUCT = YES;
			};
			name = Release;
		};
		C468510026C5C16300332B8C /* Debug */ = {
			isa = XCBuildConfiguration;
			buildSettings = {
				ALWAYS_EMBED_SWIFT_STANDARD_LIBRARIES = YES;
				CODE_SIGN_STYLE = Automatic;
				COMBINE_HIDPI_IMAGES = YES;
				CURRENT_PROJECT_VERSION = 1;
				DEVELOPMENT_TEAM = G7DSPSWXXC;
				GENERATE_INFOPLIST_FILE = YES;
				LD_RUNPATH_SEARCH_PATHS = (
					"$(inherited)",
					"@executable_path/../Frameworks",
					"@loader_path/../Frameworks",
				);
				MACOSX_DEPLOYMENT_TARGET = 11.5;
				MARKETING_VERSION = 1.0;
				PRODUCT_BUNDLE_IDENTIFIER = "com.MicheleManniello.Tests-macOS";
				PRODUCT_NAME = "$(TARGET_NAME)";
				SDKROOT = macosx;
				SWIFT_EMIT_LOC_STRINGS = NO;
				SWIFT_VERSION = 5.0;
				TEST_TARGET_NAME = "Carousel_Custom (macOS)";
			};
			name = Debug;
		};
		C468510126C5C16300332B8C /* Release */ = {
			isa = XCBuildConfiguration;
			buildSettings = {
				ALWAYS_EMBED_SWIFT_STANDARD_LIBRARIES = YES;
				CODE_SIGN_STYLE = Automatic;
				COMBINE_HIDPI_IMAGES = YES;
				CURRENT_PROJECT_VERSION = 1;
				DEVELOPMENT_TEAM = G7DSPSWXXC;
				GENERATE_INFOPLIST_FILE = YES;
				LD_RUNPATH_SEARCH_PATHS = (
					"$(inherited)",
					"@executable_path/../Frameworks",
					"@loader_path/../Frameworks",
				);
				MACOSX_DEPLOYMENT_TARGET = 11.5;
				MARKETING_VERSION = 1.0;
				PRODUCT_BUNDLE_IDENTIFIER = "com.MicheleManniello.Tests-macOS";
				PRODUCT_NAME = "$(TARGET_NAME)";
				SDKROOT = macosx;
				SWIFT_EMIT_LOC_STRINGS = NO;
				SWIFT_VERSION = 5.0;
				TEST_TARGET_NAME = "Carousel_Custom (macOS)";
			};
			name = Release;
		};
/* End XCBuildConfiguration section */

/* Begin XCConfigurationList section */
		C46850CA26C5C16100332B8C /* Build configuration list for PBXProject "Carousel_Custom" */ = {
			isa = XCConfigurationList;
			buildConfigurations = (
				C46850F426C5C16300332B8C /* Debug */,
				C46850F526C5C16300332B8C /* Release */,
			);
			defaultConfigurationIsVisible = 0;
			defaultConfigurationName = Release;
		};
		C46850F626C5C16300332B8C /* Build configuration list for PBXNativeTarget "Carousel_Custom (iOS)" */ = {
			isa = XCConfigurationList;
			buildConfigurations = (
				C46850F726C5C16300332B8C /* Debug */,
				C46850F826C5C16300332B8C /* Release */,
			);
			defaultConfigurationIsVisible = 0;
			defaultConfigurationName = Release;
		};
		C46850F926C5C16300332B8C /* Build configuration list for PBXNativeTarget "Carousel_Custom (macOS)" */ = {
			isa = XCConfigurationList;
			buildConfigurations = (
				C46850FA26C5C16300332B8C /* Debug */,
				C46850FB26C5C16300332B8C /* Release */,
			);
			defaultConfigurationIsVisible = 0;
			defaultConfigurationName = Release;
		};
		C46850FC26C5C16300332B8C /* Build configuration list for PBXNativeTarget "Tests iOS" */ = {
			isa = XCConfigurationList;
			buildConfigurations = (
				C46850FD26C5C16300332B8C /* Debug */,
				C46850FE26C5C16300332B8C /* Release */,
			);
			defaultConfigurationIsVisible = 0;
			defaultConfigurationName = Release;
		};
		C46850FF26C5C16300332B8C /* Build configuration list for PBXNativeTarget "Tests macOS" */ = {
			isa = XCConfigurationList;
			buildConfigurations = (
				C468510026C5C16300332B8C /* Debug */,
				C468510126C5C16300332B8C /* Release */,
			);
			defaultConfigurationIsVisible = 0;
			defaultConfigurationName = Release;
		};
/* End XCConfigurationList section */
	};
	rootObject = C46850C726C5C16100332B8C /* Project object */;
}
